<Project xmlns="http://schemas.microsoft.com/developer/msbuild/2003">
    <PropertyGroup>
        <Base>True</Base>
        <AppType>Console</AppType>
        <Config Condition="'$(Config)'==''">Debug</Config>
        <FrameworkType>None</FrameworkType>
        <MainSource>Shannonizer_Tester.dpr</MainSource>
        <Platform Condition="'$(Platform)'==''">Win32</Platform>
        <ProjectGuid>{8BA78AC0-2303-4DAF-A191-BB4FC7FD159B}</ProjectGuid>
        <ProjectVersion>20.1</ProjectVersion>
        <TargetedPlatforms>1</TargetedPlatforms>
    </PropertyGroup>
    <PropertyGroup Condition="'$(Config)'=='Base' or '$(Base)'!=''">
        <Base>true</Base>
    </PropertyGroup>
    <PropertyGroup Condition="('$(Platform)'=='Win32' and '$(Base)'=='true') or '$(Base_Win32)'!=''">
        <Base_Win32>true</Base_Win32>
        <CfgParent>Base</CfgParent>
        <Base>true</Base>
    </PropertyGroup>
    <PropertyGroup Condition="'$(Config)'=='Debug' or '$(Cfg_1)'!=''">
        <Cfg_1>true</Cfg_1>
        <CfgParent>Base</CfgParent>
        <Base>true</Base>
    </PropertyGroup>
    <PropertyGroup Condition="('$(Platform)'=='Win32' and '$(Cfg_1)'=='true') or '$(Cfg_1_Win32)'!=''">
        <Cfg_1_Win32>true</Cfg_1_Win32>
        <CfgParent>Cfg_1</CfgParent>
        <Cfg_1>true</Cfg_1>
        <Base>true</Base>
    </PropertyGroup>
    <PropertyGroup Condition="'$(Config)'=='Release' or '$(Cfg_2)'!=''">
        <Cfg_2>true</Cfg_2>
        <CfgParent>Base</CfgParent>
        <Base>true</Base>
    </PropertyGroup>
    <PropertyGroup Condition="'$(Base_OSXARM64)'!=''">
        <DCC_UsePackage>DataSnapServer;fmx;DbxCommonDriver;bindengine;IndyIPCommon;FireDACCommonODBC;emsclient;IndyProtocols;dbxcds;FmxTeeUI;DBXFirebirdDriver;FireDACSqliteDriver;DbxClientDriver;soapmidas;dbexpress;inet;FireDACDBXDriver;fmxdae;CustomIPTransport;FireDACMSSQLDriver;IndySystem;ibxbindings;FireDACCommon;DataSnapServerMidas;FireDACODBCDriver;bindcompdbx;rtl;FireDACMySQLDriver;DBXSqliteDriver;DataSnapFireDAC;inetdbxpress;FireDAC;xmlrtl;ibxpress;dsnap;DBXOracleDriver;DBXInformixDriver;fmxobj;DataSnapNativeClient;FireDACCommonDriver;IndyIPClient;bindcompfmx;inetdb;ibmonitor;FireDACASADriver;fmxFireDAC;DBXMySQLDriver;DataSnapCommon;fmxase;dbrtl;FireDACOracleDriver;DataSnapIndy10ServerTransport;DBXInterBaseDriver;FireDACMongoDBDriver;FireDACTDataDriver;bindcomp;IndyCore;RESTBackendComponents;RESTComponents;IndyIPServer;dsnapxml;DataSnapClient;DataSnapProviderClient;emsclientfiredac;FireDACPgDriver;FireDACDSDriver;tethering;CloudService;DBXSybaseASADriver;FMXTee;soaprtl;soapserver;FireDACIBDriver;$(DCC_UsePackage)</DCC_UsePackage>
    </PropertyGroup>
    <PropertyGroup Condition="'$(Base_iOSSimARM64)'!=''">
        <DCC_UsePackage>fmx;DbxCommonDriver;bindengine;IndyIPCommon;emsclient;IndyProtocols;dbxcds;FmxTeeUI;FireDACSqliteDriver;DbxClientDriver;soapmidas;dbexpress;inet;FireDACDBXDriver;CustomIPTransport;IndySystem;ibxbindings;FireDACCommon;bindcompdbx;rtl;DBXSqliteDriver;DataSnapFireDAC;FireDAC;xmlrtl;ibxpress;dsnap;DataSnapNativeClient;FireDACCommonDriver;IndyIPClient;bindcompfmx;ibmonitor;fmxFireDAC;DataSnapCommon;fmxase;dbrtl;DBXInterBaseDriver;bindcomp;IndyCore;RESTBackendComponents;RESTComponents;IndyIPServer;dsnapxml;DataSnapClient;DataSnapProviderClient;emsclientfiredac;FireDACDSDriver;tethering;CloudService;FMXTee;soaprtl;soapserver;FireDACIBDriver;$(DCC_UsePackage)</DCC_UsePackage>
    </PropertyGroup>
    <PropertyGroup Condition="'$(Base)'!=''">
        <SanitizedProjectName>Shannonizer_Tester</SanitizedProjectName>
        <DCC_DcuOutput>.\$(Platform)\$(Config)</DCC_DcuOutput>
        <DCC_Define>TESTINSIGHT;$(DCC_Define)</DCC_Define>
        <DCC_ExeOutput>.\$(Platform)\$(Config)</DCC_ExeOutput>
        <DCC_Namespace>System;Xml;Data;Datasnap;Web;Soap;$(DCC_Namespace)</DCC_Namespace>
        <DCC_UnitSearchPath>$(DUnitX);$(DCC_UnitSearchPath)</DCC_UnitSearchPath>
        <Icns_MainIcns>$(BDS)\bin\delphi_PROJECTICNS.icns</Icns_MainIcns>
        <Icon_MainIcon>$(BDS)\bin\delphi_PROJECTICON.ico</Icon_MainIcon>
    </PropertyGroup>
    <PropertyGroup Condition="'$(Base_Win32)'!=''">
        <BT_BuildType>Debug</BT_BuildType>
        <DCC_Namespace>Winapi;System.Win;Data.Win;Datasnap.Win;Web.Win;Soap.Win;Xml.Win;Bde;$(DCC_Namespace)</DCC_Namespace>
        <DCC_UsePackage>vclwinx;DataSnapServer;fmx;vclie;DbxCommonDriver;bindengine;IndyIPCommon;VCLRESTComponents;DBXMSSQLDriver;FireDACCommonODBC;emsclient;FMX_FlexCel_Components;appanalytics;IndyProtocols;vclx;Skia.Package.RTL;dbxcds;vcledge;FmxTeeUI;FlexCel_Pdf;DBXFirebirdDriver;SKIA_FlexCel_Core;FireDACSqliteDriver;DbxClientDriver;GdkToolsApiHelper;soapmidas;TeeUI;dbexpress;inet;vcltouch;FMX_FlexCel_Core;FireDACDBXDriver;fmxdae;VCL_FlexCel_Core;CustomIPTransport;FireDACMSSQLDriver;IndySystem;CodolexUtils;CodolexEditors;ibxbindings;vclFireDAC;FlexCel_Render;FireDACCommon;DataSnapServerMidas;FireDACODBCDriver;emsserverresource;bindcompdbx;rtl;FireDACMySQLDriver;VCL_FlexCel_Components;DBXSqliteDriver;DBXSybaseASEDriver;vclimg;DataSnapFireDAC;inetdbxpress;FireDAC;xmlrtl;ibxpress;dsnap;FireDACDb2Driver;DBXOracleDriver;DBXInformixDriver;vclib;fmxobj;bindcompvclsmp;DataSnapNativeClient;DatasnapConnectorsFreePascal;FlexCel_Report;emshosting;FireDACCommonDriver;IndyIPClient;bindcompvclwinx;emsedge;bindcompfmx;inetdb;ibmonitor;FireDACASADriver;CodolexComponents;Tee;vclactnband;fmxFireDAC;FireDACInfxDriver;DBXMySQLDriver;VclSmp;DataSnapCommon;CodolexFramework;fmxase;DBXOdbcDriver;dbrtl;FireDACOracleDriver;Skia.Package.FMX;TeeDB;FlexCel_XlsAdapter;FireDACMSAccDriver;DataSnapIndy10ServerTransport;DataSnapConnectors;vcldsnap;DBXInterBaseDriver;CodolexSynEditDR;FireDACMongoDBDriver;CodolexCodeGenInterfaces;FireDACTDataDriver;Skia.Package.VCL;vcldb;CodolexRenderingVCL;FlexCel_Core;bindcomp;IndyCore;RESTBackendComponents;FireDACADSDriver;RESTComponents;IndyIPServer;vcl;dsnapxml;adortl;dsnapcon;DataSnapClient;DataSnapProviderClient;DBXDb2Driver;emsclientfiredac;FireDACPgDriver;FireDACDSDriver;tethering;bindcompvcl;CodolexCore;CloudService;DBXSybaseASADriver;BigNumbers;FMXTee;soaprtl;soapserver;FireDACIBDriver;$(DCC_UsePackage)</DCC_UsePackage>
        <VerInfo_Keys>CompanyName=;FileDescription=$(MSBuildProjectName);FileVersion=1.0.0.0;InternalName=;LegalCopyright=;LegalTrademarks=;OriginalFilename=;ProgramID=com.embarcadero.$(MSBuildProjectName);ProductName=$(MSBuildProjectName);ProductVersion=1.0.0.0;Comments=</VerInfo_Keys>
        <VerInfo_Locale>1033</VerInfo_Locale>
    </PropertyGroup>
    <PropertyGroup Condition="'$(Cfg_1)'!=''">
        <DCC_DebugDCUs>true</DCC_DebugDCUs>
        <DCC_DebugInfoInExe>true</DCC_DebugInfoInExe>
        <DCC_Define>DEBUG;$(DCC_Define)</DCC_Define>
        <DCC_GenerateStackFrames>true</DCC_GenerateStackFrames>
        <DCC_IntegerOverflowCheck>true</DCC_IntegerOverflowCheck>
        <DCC_Optimize>false</DCC_Optimize>
        <DCC_RangeChecking>true</DCC_RangeChecking>
        <DCC_RemoteDebug>true</DCC_RemoteDebug>
    </PropertyGroup>
    <PropertyGroup Condition="'$(Cfg_1_Win32)'!=''">
        <DCC_RemoteDebug>false</DCC_RemoteDebug>
    </PropertyGroup>
    <PropertyGroup Condition="'$(Cfg_2)'!=''">
        <DCC_DebugInformation>0</DCC_DebugInformation>
        <DCC_Define>RELEASE;$(DCC_Define)</DCC_Define>
        <DCC_LocalDebugSymbols>false</DCC_LocalDebugSymbols>
        <DCC_SymbolReferenceInfo>0</DCC_SymbolReferenceInfo>
    </PropertyGroup>
    <ItemGroup>
        <DelphiCompile Include="$(MainSource)">
            <MainSource>MainSource</MainSource>
        </DelphiCompile>
        <DCCReference Include="ShannonizerCleanInputText_tests.pas"/>
        <DCCReference Include="Shannonizer.pas"/>
        <DCCReference Include="ShannonizerExtractLastToken_tests.pas"/>
        <DCCReference Include="Shannonizer_tests.pas"/>
        <BuildConfiguration Include="Base">
            <Key>Base</Key>
        </BuildConfiguration>
        <BuildConfiguration Include="Debug">
            <Key>Cfg_1</Key>
            <CfgParent>Base</CfgParent>
        </BuildConfiguration>
        <BuildConfiguration Include="Release">
            <Key>Cfg_2</Key>
            <CfgParent>Base</CfgParent>
        </BuildConfiguration>
    </ItemGroup>
    <ProjectExtensions>
        <Borland.Personality>Delphi.Personality.12</Borland.Personality>
        <Borland.ProjectType>Console</Borland.ProjectType>
        <BorlandProject>
            <Delphi.Personality>
                <Source>
                    <Source Name="MainSource">Shannonizer_Tester.dpr</Source>
                </Source>
            </Delphi.Personality>
            <Platforms>
                <Platform value="Android">False</Platform>
                <Platform value="Android64">False</Platform>
                <Platform value="Linux64">False</Platform>
                <Platform value="OSX64">False</Platform>
                <Platform value="OSXARM64">False</Platform>
                <Platform value="Win32">True</Platform>
                <Platform value="Win64">False</Platform>
                <Platform value="iOSDevice64">False</Platform>
                <Platform value="iOSSimARM64">False</Platform>
            </Platforms>
        </BorlandProject>
        <ProjectFileVersion>12</ProjectFileVersion>
    </ProjectExtensions>
    <Import Project="$(BDS)\Bin\CodeGear.Delphi.Targets" Condition="Exists('$(BDS)\Bin\CodeGear.Delphi.Targets')"/>
    <Import Project="$(APPDATA)\Embarcadero\$(BDSAPPDATABASEDIR)\$(PRODUCTVERSION)\UserTools.proj" Condition="Exists('$(APPDATA)\Embarcadero\$(BDSAPPDATABASEDIR)\$(PRODUCTVERSION)\UserTools.proj')"/>
    <Import Project="$(MSBuildProjectName).deployproj" Condition="Exists('$(MSBuildProjectName).deployproj')"/>
</Project>
